
Microsoft Visual Studio Solution File, Format Version 12.00
# Visual Studio Version 16
VisualStudioVersion = 16.0.28803.202
MinimumVisualStudioVersion = 10.0.40219.1
Project("{888888A0-9F3D-457C-B088-3A5042F75D52}") = "ParcYourShop", "ParcYourShop.pyproj", "{BA64D7F4-882F-4583-99FB-15B90BB5B3DC}"
EndProject
Global
	GlobalSection(SolutionConfigurationPlatforms) = preSolution
		Debug|Any CPU = Debug|Any CPU
		Release|Any CPU = Release|Any CPU
	EndGlobalSection
	GlobalSection(ProjectConfigurationPlatforms) = postSolution
		{BA64D7F4-882F-4583-99FB-15B90BB5B3DC}.Debug|Any CPU.ActiveCfg = Debug|Any CPU
		{BA64D7F4-882F-4583-99FB-15B90BB5B3DC}.Debug|Any CPU.Build.0 = Debug|Any CPU
		{BA64D7F4-882F-4583-99FB-15B90BB5B3DC}.Release|Any CPU.ActiveCfg = Release|Any CPU
		{BA64D7F4-882F-4583-99FB-15B90BB5B3DC}.Release|Any CPU.Build.0 = Release|Any CPU
	EndGlobalSection
	GlobalSection(SolutionProperties) = preSolution
		HideSolutionNode = FALSE
	EndGlobalSection
	GlobalSection(ExtensibilityGlobals) = postSolution
		SolutionGuid = {87A162B8-E94C-4994-AA12-C6BA81A84C35}
	EndGlobalSection
EndGlobal
